
Microsoft Visual Studio Solution File, Format Version 12.00
# Visual Studio 15
VisualStudioVersion = 15.0.28010.2026
MinimumVisualStudioVersion = 10.0.40219.1
Project("{FAE04EC0-301F-11D3-BF4B-00C04F79EFBC}") = "ProjectPastelV2", "ProjectPastelV2\ProjectPastelV2.csproj", "{861B8C31-7A1D-4EBD-BFDB-5AE7FE6FE722}"
EndProject
Global
	GlobalSection(SolutionConfigurationPlatforms) = preSolution
		Debug|Any CPU = Debug|Any CPU
		Release|Any CPU = Release|Any CPU
	EndGlobalSection
	GlobalSection(ProjectConfigurationPlatforms) = postSolution
		{861B8C31-7A1D-4EBD-BFDB-5AE7FE6FE722}.Debug|Any CPU.ActiveCfg = Debug|Any CPU
		{861B8C31-7A1D-4EBD-BFDB-5AE7FE6FE722}.Debug|Any CPU.Build.0 = Debug|Any CPU
		{861B8C31-7A1D-4EBD-BFDB-5AE7FE6FE722}.Release|Any CPU.ActiveCfg = Release|Any CPU
		{861B8C31-7A1D-4EBD-BFDB-5AE7FE6FE722}.Release|Any CPU.Build.0 = Release|Any CPU
	EndGlobalSection
	GlobalSection(SolutionProperties) = preSolution
		HideSolutionNode = FALSE
	EndGlobalSection
	GlobalSection(ExtensibilityGlobals) = postSolution
		SolutionGuid = {5F278E11-AAE8-4C1F-BCE7-F180DEA51EED}
	EndGlobalSection
EndGlobal
